
Microsoft Visual Studio Solution File, Format Version 12.00
# Visual Studio Version 17
VisualStudioVersion = 17.8.34316.72
MinimumVisualStudioVersion = 10.0.40219.1
Project("{8BC9CEB8-8B4A-11D0-8D11-00A0C91BC942}") = "ControlStructures", "ControlStructures\ControlStructures.vcxproj", "{DFC543F6-353D-4D96-91AC-D367E681E74D}"
EndProject
Project("{8BC9CEB8-8B4A-11D0-8D11-00A0C91BC942}") = "Homework", "Homework\Homework.vcxproj", "{AF2A42BC-1ECD-4474-988A-F20A8B2BBE10}"
EndProject
Project("{8BC9CEB8-8B4A-11D0-8D11-00A0C91BC942}") = "Calculator", "Calculator\Calculator.vcxproj", "{A63F3EEC-8501-4758-9B09-AAA31E99C8B2}"
EndProject
Project("{8BC9CEB8-8B4A-11D0-8D11-00A0C91BC942}") = "Shooter", "Shooter\Shooter.vcxproj", "{9A61BD4A-A30E-4859-8DE8-C9C1A39CB403}"
EndProject
Project("{8BC9CEB8-8B4A-11D0-8D11-00A0C91BC942}") = "FOR", "FOR\FOR.vcxproj", "{080B2E23-081A-4BE7-923A-804D2DC8BA6A}"
EndProject
Project("{8BC9CEB8-8B4A-11D0-8D11-00A0C91BC942}") = "shooter2", "shooter2\shooter2.vcxproj", "{062D7F0D-B8D0-48F3-9569-3FFB0983A9F0}"
EndProject
Project("{8BC9CEB8-8B4A-11D0-8D11-00A0C91BC942}") = "Geometry", "Geometry\Geometry.vcxproj", "{F072EFDF-E3BC-496D-93AD-C3316B4FACBD}"
EndProject
Project("{8BC9CEB8-8B4A-11D0-8D11-00A0C91BC942}") = "Geometry_2", "Geometry_2\Geometry_2.vcxproj", "{891C02A1-18F3-4093-8962-CF6F08B17C05}"
EndProject
Project("{8BC9CEB8-8B4A-11D0-8D11-00A0C91BC942}") = "Homework_2", "Homework_2\Homework_2.vcxproj", "{E268053A-C2F3-4A0A-B06C-6259662EDC47}"
EndProject
Project("{8BC9CEB8-8B4A-11D0-8D11-00A0C91BC942}") = "Chess", "Chess\Chess.vcxproj", "{3A266470-7CE1-4291-8913-50AB267F134E}"
EndProject
Project("{8BC9CEB8-8B4A-11D0-8D11-00A0C91BC942}") = "HardChess", "HardChess\HardChess.vcxproj", "{9B3F6EE0-BF47-4F61-871C-1047B0C08C6F}"
EndProject
Project("{8BC9CEB8-8B4A-11D0-8D11-00A0C91BC942}") = "PascalTreangle", "PascalTreangle\PascalTreangle.vcxproj", "{CAB9BAB5-15E4-438D-B59C-B9472F6A031A}"
EndProject
Project("{8BC9CEB8-8B4A-11D0-8D11-00A0C91BC942}") = "HardChess2", "HardChess2\HardChess2.vcxproj", "{29D9896A-F8C3-46A4-9545-B9EE9AC9BB97}"
EndProject
Global
	GlobalSection(SolutionConfigurationPlatforms) = preSolution
		Debug|ARM64 = Debug|ARM64
		Debug|x64 = Debug|x64
		Debug|x86 = Debug|x86
		Release|ARM64 = Release|ARM64
		Release|x64 = Release|x64
		Release|x86 = Release|x86
	EndGlobalSection
	GlobalSection(ProjectConfigurationPlatforms) = postSolution
		{DFC543F6-353D-4D96-91AC-D367E681E74D}.Debug|ARM64.ActiveCfg = Debug|ARM64
		{DFC543F6-353D-4D96-91AC-D367E681E74D}.Debug|ARM64.Build.0 = Debug|ARM64
		{DFC543F6-353D-4D96-91AC-D367E681E74D}.Debug|x64.ActiveCfg = Debug|x64
		{DFC543F6-353D-4D96-91AC-D367E681E74D}.Debug|x64.Build.0 = Debug|x64
		{DFC543F6-353D-4D96-91AC-D367E681E74D}.Debug|x86.ActiveCfg = Debug|Win32
		{DFC543F6-353D-4D96-91AC-D367E681E74D}.Debug|x86.Build.0 = Debug|Win32
		{DFC543F6-353D-4D96-91AC-D367E681E74D}.Release|ARM64.ActiveCfg = Release|ARM64
		{DFC543F6-353D-4D96-91AC-D367E681E74D}.Release|ARM64.Build.0 = Release|ARM64
		{DFC543F6-353D-4D96-91AC-D367E681E74D}.Release|x64.ActiveCfg = Release|x64
		{DFC543F6-353D-4D96-91AC-D367E681E74D}.Release|x64.Build.0 = Release|x64
		{DFC543F6-353D-4D96-91AC-D367E681E74D}.Release|x86.ActiveCfg = Release|Win32
		{DFC543F6-353D-4D96-91AC-D367E681E74D}.Release|x86.Build.0 = Release|Win32
		{AF2A42BC-1ECD-4474-988A-F20A8B2BBE10}.Debug|ARM64.ActiveCfg = Debug|ARM64
		{AF2A42BC-1ECD-4474-988A-F20A8B2BBE10}.Debug|ARM64.Build.0 = Debug|ARM64
		{AF2A42BC-1ECD-4474-988A-F20A8B2BBE10}.Debug|x64.ActiveCfg = Debug|x64
		{AF2A42BC-1ECD-4474-988A-F20A8B2BBE10}.Debug|x64.Build.0 = Debug|x64
		{AF2A42BC-1ECD-4474-988A-F20A8B2BBE10}.Debug|x86.ActiveCfg = Debug|Win32
		{AF2A42BC-1ECD-4474-988A-F20A8B2BBE10}.Debug|x86.Build.0 = Debug|Win32
		{AF2A42BC-1ECD-4474-988A-F20A8B2BBE10}.Release|ARM64.ActiveCfg = Release|ARM64
		{AF2A42BC-1ECD-4474-988A-F20A8B2BBE10}.Release|ARM64.Build.0 = Release|ARM64
		{AF2A42BC-1ECD-4474-988A-F20A8B2BBE10}.Release|x64.ActiveCfg = Release|x64
		{AF2A42BC-1ECD-4474-988A-F20A8B2BBE10}.Release|x64.Build.0 = Release|x64
		{AF2A42BC-1ECD-4474-988A-F20A8B2BBE10}.Release|x86.ActiveCfg = Release|Win32
		{AF2A42BC-1ECD-4474-988A-F20A8B2BBE10}.Release|x86.Build.0 = Release|Win32
		{A63F3EEC-8501-4758-9B09-AAA31E99C8B2}.Debug|ARM64.ActiveCfg = Debug|ARM64
		{A63F3EEC-8501-4758-9B09-AAA31E99C8B2}.Debug|ARM64.Build.0 = Debug|ARM64
		{A63F3EEC-8501-4758-9B09-AAA31E99C8B2}.Debug|x64.ActiveCfg = Debug|x64
		{A63F3EEC-8501-4758-9B09-AAA31E99C8B2}.Debug|x64.Build.0 = Debug|x64
		{A63F3EEC-8501-4758-9B09-AAA31E99C8B2}.Debug|x86.ActiveCfg = Debug|Win32
		{A63F3EEC-8501-4758-9B09-AAA31E99C8B2}.Debug|x86.Build.0 = Debug|Win32
		{A63F3EEC-8501-4758-9B09-AAA31E99C8B2}.Release|ARM64.ActiveCfg = Release|ARM64
		{A63F3EEC-8501-4758-9B09-AAA31E99C8B2}.Release|ARM64.Build.0 = Release|ARM64
		{A63F3EEC-8501-4758-9B09-AAA31E99C8B2}.Release|x64.ActiveCfg = Release|x64
		{A63F3EEC-8501-4758-9B09-AAA31E99C8B2}.Release|x64.Build.0 = Release|x64
		{A63F3EEC-8501-4758-9B09-AAA31E99C8B2}.Release|x86.ActiveCfg = Release|Win32
		{A63F3EEC-8501-4758-9B09-AAA31E99C8B2}.Release|x86.Build.0 = Release|Win32
		{9A61BD4A-A30E-4859-8DE8-C9C1A39CB403}.Debug|ARM64.ActiveCfg = Debug|ARM64
		{9A61BD4A-A30E-4859-8DE8-C9C1A39CB403}.Debug|ARM64.Build.0 = Debug|ARM64
		{9A61BD4A-A30E-4859-8DE8-C9C1A39CB403}.Debug|x64.ActiveCfg = Debug|x64
		{9A61BD4A-A30E-4859-8DE8-C9C1A39CB403}.Debug|x64.Build.0 = Debug|x64
		{9A61BD4A-A30E-4859-8DE8-C9C1A39CB403}.Debug|x86.ActiveCfg = Debug|Win32
		{9A61BD4A-A30E-4859-8DE8-C9C1A39CB403}.Debug|x86.Build.0 = Debug|Win32
		{9A61BD4A-A30E-4859-8DE8-C9C1A39CB403}.Release|ARM64.ActiveCfg = Release|ARM64
		{9A61BD4A-A30E-4859-8DE8-C9C1A39CB403}.Release|ARM64.Build.0 = Release|ARM64
		{9A61BD4A-A30E-4859-8DE8-C9C1A39CB403}.Release|x64.ActiveCfg = Release|x64
		{9A61BD4A-A30E-4859-8DE8-C9C1A39CB403}.Release|x64.Build.0 = Release|x64
		{9A61BD4A-A30E-4859-8DE8-C9C1A39CB403}.Release|x86.ActiveCfg = Release|Win32
		{9A61BD4A-A30E-4859-8DE8-C9C1A39CB403}.Release|x86.Build.0 = Release|Win32
		{080B2E23-081A-4BE7-923A-804D2DC8BA6A}.Debug|ARM64.ActiveCfg = Debug|ARM64
		{080B2E23-081A-4BE7-923A-804D2DC8BA6A}.Debug|ARM64.Build.0 = Debug|ARM64
		{080B2E23-081A-4BE7-923A-804D2DC8BA6A}.Debug|x64.ActiveCfg = Debug|x64
		{080B2E23-081A-4BE7-923A-804D2DC8BA6A}.Debug|x64.Build.0 = Debug|x64
		{080B2E23-081A-4BE7-923A-804D2DC8BA6A}.Debug|x86.ActiveCfg = Debug|Win32
		{080B2E23-081A-4BE7-923A-804D2DC8BA6A}.Debug|x86.Build.0 = Debug|Win32
		{080B2E23-081A-4BE7-923A-804D2DC8BA6A}.Release|ARM64.ActiveCfg = Release|ARM64
		{080B2E23-081A-4BE7-923A-804D2DC8BA6A}.Release|ARM64.Build.0 = Release|ARM64
		{080B2E23-081A-4BE7-923A-804D2DC8BA6A}.Release|x64.ActiveCfg = Release|x64
		{080B2E23-081A-4BE7-923A-804D2DC8BA6A}.Release|x64.Build.0 = Release|x64
		{080B2E23-081A-4BE7-923A-804D2DC8BA6A}.Release|x86.ActiveCfg = Release|Win32
		{080B2E23-081A-4BE7-923A-804D2DC8BA6A}.Release|x86.Build.0 = Release|Win32
		{062D7F0D-B8D0-48F3-9569-3FFB0983A9F0}.Debug|ARM64.ActiveCfg = Debug|ARM64
		{062D7F0D-B8D0-48F3-9569-3FFB0983A9F0}.Debug|ARM64.Build.0 = Debug|ARM64
		{062D7F0D-B8D0-48F3-9569-3FFB0983A9F0}.Debug|x64.ActiveCfg = Debug|x64
		{062D7F0D-B8D0-48F3-9569-3FFB0983A9F0}.Debug|x64.Build.0 = Debug|x64
		{062D7F0D-B8D0-48F3-9569-3FFB0983A9F0}.Debug|x86.ActiveCfg = Debug|Win32
		{062D7F0D-B8D0-48F3-9569-3FFB0983A9F0}.Debug|x86.Build.0 = Debug|Win32
		{062D7F0D-B8D0-48F3-9569-3FFB0983A9F0}.Release|ARM64.ActiveCfg = Release|ARM64
		{062D7F0D-B8D0-48F3-9569-3FFB0983A9F0}.Release|ARM64.Build.0 = Release|ARM64
		{062D7F0D-B8D0-48F3-9569-3FFB0983A9F0}.Release|x64.ActiveCfg = Release|x64
		{062D7F0D-B8D0-48F3-9569-3FFB0983A9F0}.Release|x64.Build.0 = Release|x64
		{062D7F0D-B8D0-48F3-9569-3FFB0983A9F0}.Release|x86.ActiveCfg = Release|Win32
		{062D7F0D-B8D0-48F3-9569-3FFB0983A9F0}.Release|x86.Build.0 = Release|Win32
		{F072EFDF-E3BC-496D-93AD-C3316B4FACBD}.Debug|ARM64.ActiveCfg = Debug|ARM64
		{F072EFDF-E3BC-496D-93AD-C3316B4FACBD}.Debug|ARM64.Build.0 = Debug|ARM64
		{F072EFDF-E3BC-496D-93AD-C3316B4FACBD}.Debug|x64.ActiveCfg = Debug|x64
		{F072EFDF-E3BC-496D-93AD-C3316B4FACBD}.Debug|x64.Build.0 = Debug|x64
		{F072EFDF-E3BC-496D-93AD-C3316B4FACBD}.Debug|x86.ActiveCfg = Debug|Win32
		{F072EFDF-E3BC-496D-93AD-C3316B4FACBD}.Debug|x86.Build.0 = Debug|Win32
		{F072EFDF-E3BC-496D-93AD-C3316B4FACBD}.Release|ARM64.ActiveCfg = Release|ARM64
		{F072EFDF-E3BC-496D-93AD-C3316B4FACBD}.Release|ARM64.Build.0 = Release|ARM64
		{F072EFDF-E3BC-496D-93AD-C3316B4FACBD}.Release|x64.ActiveCfg = Release|x64
		{F072EFDF-E3BC-496D-93AD-C3316B4FACBD}.Release|x64.Build.0 = Release|x64
		{F072EFDF-E3BC-496D-93AD-C3316B4FACBD}.Release|x86.ActiveCfg = Release|Win32
		{F072EFDF-E3BC-496D-93AD-C3316B4FACBD}.Release|x86.Build.0 = Release|Win32
		{891C02A1-18F3-4093-8962-CF6F08B17C05}.Debug|ARM64.ActiveCfg = Debug|ARM64
		{891C02A1-18F3-4093-8962-CF6F08B17C05}.Debug|ARM64.Build.0 = Debug|ARM64
		{891C02A1-18F3-4093-8962-CF6F08B17C05}.Debug|x64.ActiveCfg = Debug|x64
		{891C02A1-18F3-4093-8962-CF6F08B17C05}.Debug|x64.Build.0 = Debug|x64
		{891C02A1-18F3-4093-8962-CF6F08B17C05}.Debug|x86.ActiveCfg = Debug|Win32
		{891C02A1-18F3-4093-8962-CF6F08B17C05}.Debug|x86.Build.0 = Debug|Win32
		{891C02A1-18F3-4093-8962-CF6F08B17C05}.Release|ARM64.ActiveCfg = Release|ARM64
		{891C02A1-18F3-4093-8962-CF6F08B17C05}.Release|ARM64.Build.0 = Release|ARM64
		{891C02A1-18F3-4093-8962-CF6F08B17C05}.Release|x64.ActiveCfg = Release|x64
		{891C02A1-18F3-4093-8962-CF6F08B17C05}.Release|x64.Build.0 = Release|x64
		{891C02A1-18F3-4093-8962-CF6F08B17C05}.Release|x86.ActiveCfg = Release|Win32
		{891C02A1-18F3-4093-8962-CF6F08B17C05}.Release|x86.Build.0 = Release|Win32
		{E268053A-C2F3-4A0A-B06C-6259662EDC47}.Debug|ARM64.ActiveCfg = Debug|ARM64
		{E268053A-C2F3-4A0A-B06C-6259662EDC47}.Debug|ARM64.Build.0 = Debug|ARM64
		{E268053A-C2F3-4A0A-B06C-6259662EDC47}.Debug|x64.ActiveCfg = Debug|x64
		{E268053A-C2F3-4A0A-B06C-6259662EDC47}.Debug|x64.Build.0 = Debug|x64
		{E268053A-C2F3-4A0A-B06C-6259662EDC47}.Debug|x86.ActiveCfg = Debug|Win32
		{E268053A-C2F3-4A0A-B06C-6259662EDC47}.Debug|x86.Build.0 = Debug|Win32
		{E268053A-C2F3-4A0A-B06C-6259662EDC47}.Release|ARM64.ActiveCfg = Release|ARM64
		{E268053A-C2F3-4A0A-B06C-6259662EDC47}.Release|ARM64.Build.0 = Release|ARM64
		{E268053A-C2F3-4A0A-B06C-6259662EDC47}.Release|x64.ActiveCfg = Release|x64
		{E268053A-C2F3-4A0A-B06C-6259662EDC47}.Release|x64.Build.0 = Release|x64
		{E268053A-C2F3-4A0A-B06C-6259662EDC47}.Release|x86.ActiveCfg = Release|Win32
		{E268053A-C2F3-4A0A-B06C-6259662EDC47}.Release|x86.Build.0 = Release|Win32
		{3A266470-7CE1-4291-8913-50AB267F134E}.Debug|ARM64.ActiveCfg = Debug|ARM64
		{3A266470-7CE1-4291-8913-50AB267F134E}.Debug|ARM64.Build.0 = Debug|ARM64
		{3A266470-7CE1-4291-8913-50AB267F134E}.Debug|x64.ActiveCfg = Debug|x64
		{3A266470-7CE1-4291-8913-50AB267F134E}.Debug|x64.Build.0 = Debug|x64
		{3A266470-7CE1-4291-8913-50AB267F134E}.Debug|x86.ActiveCfg = Debug|Win32
		{3A266470-7CE1-4291-8913-50AB267F134E}.Debug|x86.Build.0 = Debug|Win32
		{3A266470-7CE1-4291-8913-50AB267F134E}.Release|ARM64.ActiveCfg = Release|ARM64
		{3A266470-7CE1-4291-8913-50AB267F134E}.Release|ARM64.Build.0 = Release|ARM64
		{3A266470-7CE1-4291-8913-50AB267F134E}.Release|x64.ActiveCfg = Release|x64
		{3A266470-7CE1-4291-8913-50AB267F134E}.Release|x64.Build.0 = Release|x64
		{3A266470-7CE1-4291-8913-50AB267F134E}.Release|x86.ActiveCfg = Release|Win32
		{3A266470-7CE1-4291-8913-50AB267F134E}.Release|x86.Build.0 = Release|Win32
		{9B3F6EE0-BF47-4F61-871C-1047B0C08C6F}.Debug|ARM64.ActiveCfg = Debug|ARM64
		{9B3F6EE0-BF47-4F61-871C-1047B0C08C6F}.Debug|ARM64.Build.0 = Debug|ARM64
		{9B3F6EE0-BF47-4F61-871C-1047B0C08C6F}.Debug|x64.ActiveCfg = Debug|x64
		{9B3F6EE0-BF47-4F61-871C-1047B0C08C6F}.Debug|x64.Build.0 = Debug|x64
		{9B3F6EE0-BF47-4F61-871C-1047B0C08C6F}.Debug|x86.ActiveCfg = Debug|Win32
		{9B3F6EE0-BF47-4F61-871C-1047B0C08C6F}.Debug|x86.Build.0 = Debug|Win32
		{9B3F6EE0-BF47-4F61-871C-1047B0C08C6F}.Release|ARM64.ActiveCfg = Release|ARM64
		{9B3F6EE0-BF47-4F61-871C-1047B0C08C6F}.Release|ARM64.Build.0 = Release|ARM64
		{9B3F6EE0-BF47-4F61-871C-1047B0C08C6F}.Release|x64.ActiveCfg = Release|x64
		{9B3F6EE0-BF47-4F61-871C-1047B0C08C6F}.Release|x64.Build.0 = Release|x64
		{9B3F6EE0-BF47-4F61-871C-1047B0C08C6F}.Release|x86.ActiveCfg = Release|Win32
		{9B3F6EE0-BF47-4F61-871C-1047B0C08C6F}.Release|x86.Build.0 = Release|Win32
		{CAB9BAB5-15E4-438D-B59C-B9472F6A031A}.Debug|ARM64.ActiveCfg = Debug|ARM64
		{CAB9BAB5-15E4-438D-B59C-B9472F6A031A}.Debug|ARM64.Build.0 = Debug|ARM64
		{CAB9BAB5-15E4-438D-B59C-B9472F6A031A}.Debug|x64.ActiveCfg = Debug|x64
		{CAB9BAB5-15E4-438D-B59C-B9472F6A031A}.Debug|x64.Build.0 = Debug|x64
		{CAB9BAB5-15E4-438D-B59C-B9472F6A031A}.Debug|x86.ActiveCfg = Debug|Win32
		{CAB9BAB5-15E4-438D-B59C-B9472F6A031A}.Debug|x86.Build.0 = Debug|Win32
		{CAB9BAB5-15E4-438D-B59C-B9472F6A031A}.Release|ARM64.ActiveCfg = Release|ARM64
		{CAB9BAB5-15E4-438D-B59C-B9472F6A031A}.Release|ARM64.Build.0 = Release|ARM64
		{CAB9BAB5-15E4-438D-B59C-B9472F6A031A}.Release|x64.ActiveCfg = Release|x64
		{CAB9BAB5-15E4-438D-B59C-B9472F6A031A}.Release|x64.Build.0 = Release|x64
		{CAB9BAB5-15E4-438D-B59C-B9472F6A031A}.Release|x86.ActiveCfg = Release|Win32
		{CAB9BAB5-15E4-438D-B59C-B9472F6A031A}.Release|x86.Build.0 = Release|Win32
		{29D9896A-F8C3-46A4-9545-B9EE9AC9BB97}.Debug|ARM64.ActiveCfg = Debug|ARM64
		{29D9896A-F8C3-46A4-9545-B9EE9AC9BB97}.Debug|ARM64.Build.0 = Debug|ARM64
		{29D9896A-F8C3-46A4-9545-B9EE9AC9BB97}.Debug|x64.ActiveCfg = Debug|x64
		{29D9896A-F8C3-46A4-9545-B9EE9AC9BB97}.Debug|x64.Build.0 = Debug|x64
		{29D9896A-F8C3-46A4-9545-B9EE9AC9BB97}.Debug|x86.ActiveCfg = Debug|Win32
		{29D9896A-F8C3-46A4-9545-B9EE9AC9BB97}.Debug|x86.Build.0 = Debug|Win32
		{29D9896A-F8C3-46A4-9545-B9EE9AC9BB97}.Release|ARM64.ActiveCfg = Release|ARM64
		{29D9896A-F8C3-46A4-9545-B9EE9AC9BB97}.Release|ARM64.Build.0 = Release|ARM64
		{29D9896A-F8C3-46A4-9545-B9EE9AC9BB97}.Release|x64.ActiveCfg = Release|x64
		{29D9896A-F8C3-46A4-9545-B9EE9AC9BB97}.Release|x64.Build.0 = Release|x64
		{29D9896A-F8C3-46A4-9545-B9EE9AC9BB97}.Release|x86.ActiveCfg = Release|Win32
		{29D9896A-F8C3-46A4-9545-B9EE9AC9BB97}.Release|x86.Build.0 = Release|Win32
	EndGlobalSection
	GlobalSection(SolutionProperties) = preSolution
		HideSolutionNode = FALSE
	EndGlobalSection
	GlobalSection(ExtensibilityGlobals) = postSolution
		SolutionGuid = {053D5DBB-42D5-49D1-BD0F-2B788026E66A}
	EndGlobalSection
EndGlobal
